
Microsoft Visual Studio Solution File, Format Version 12.00
# Visual Studio Version 16
VisualStudioVersion = 16.0.29806.167
MinimumVisualStudioVersion = 10.0.40219.1
Project("{FAE04EC0-301F-11D3-BF4B-00C04F79EFBC}") = "Task1", "Task1\Task1.csproj", "{3AA4C6D8-0FF3-40D7-B81E-1F36F4A35B52}"
EndProject
Project("{FAE04EC0-301F-11D3-BF4B-00C04F79EFBC}") = "Task 2", "Task 02\Task 2.csproj", "{794078D0-1DDF-4592-B3BF-0FD6CE4D3A9A}"
EndProject
Project("{FAE04EC0-301F-11D3-BF4B-00C04F79EFBC}") = "Task 3", "Task 3\Task 3.csproj", "{16E6E908-ABDF-421B-AAB8-5F4B6FF10083}"
EndProject
Global
	GlobalSection(SolutionConfigurationPlatforms) = preSolution
		Debug|Any CPU = Debug|Any CPU
		Release|Any CPU = Release|Any CPU
	EndGlobalSection
	GlobalSection(ProjectConfigurationPlatforms) = postSolution
		{3AA4C6D8-0FF3-40D7-B81E-1F36F4A35B52}.Debug|Any CPU.ActiveCfg = Debug|Any CPU
		{3AA4C6D8-0FF3-40D7-B81E-1F36F4A35B52}.Debug|Any CPU.Build.0 = Debug|Any CPU
		{3AA4C6D8-0FF3-40D7-B81E-1F36F4A35B52}.Release|Any CPU.ActiveCfg = Release|Any CPU
		{3AA4C6D8-0FF3-40D7-B81E-1F36F4A35B52}.Release|Any CPU.Build.0 = Release|Any CPU
		{794078D0-1DDF-4592-B3BF-0FD6CE4D3A9A}.Debug|Any CPU.ActiveCfg = Debug|Any CPU
		{794078D0-1DDF-4592-B3BF-0FD6CE4D3A9A}.Debug|Any CPU.Build.0 = Debug|Any CPU
		{794078D0-1DDF-4592-B3BF-0FD6CE4D3A9A}.Release|Any CPU.ActiveCfg = Release|Any CPU
		{794078D0-1DDF-4592-B3BF-0FD6CE4D3A9A}.Release|Any CPU.Build.0 = Release|Any CPU
		{16E6E908-ABDF-421B-AAB8-5F4B6FF10083}.Debug|Any CPU.ActiveCfg = Debug|Any CPU
		{16E6E908-ABDF-421B-AAB8-5F4B6FF10083}.Debug|Any CPU.Build.0 = Debug|Any CPU
		{16E6E908-ABDF-421B-AAB8-5F4B6FF10083}.Release|Any CPU.ActiveCfg = Release|Any CPU
		{16E6E908-ABDF-421B-AAB8-5F4B6FF10083}.Release|Any CPU.Build.0 = Release|Any CPU
	EndGlobalSection
	GlobalSection(SolutionProperties) = preSolution
		HideSolutionNode = FALSE
	EndGlobalSection
	GlobalSection(ExtensibilityGlobals) = postSolution
		SolutionGuid = {3BCA4A51-1D05-49C9-8361-CE5BFB1C2B4D}
	EndGlobalSection
EndGlobal
